
Microsoft Visual Studio Solution File, Format Version 12.00
# Visual Studio 15
VisualStudioVersion = 15.0.28010.2041
MinimumVisualStudioVersion = 10.0.40219.1
Project("{FAE04EC0-301F-11D3-BF4B-00C04F79EFBC}") = "week04", "week04\week04.csproj", "{ABC4CB6A-9937-4884-B5E5-B11B89639F3A}"
EndProject
Global
	GlobalSection(SolutionConfigurationPlatforms) = preSolution
		Debug|Any CPU = Debug|Any CPU
		Release|Any CPU = Release|Any CPU
	EndGlobalSection
	GlobalSection(ProjectConfigurationPlatforms) = postSolution
		{ABC4CB6A-9937-4884-B5E5-B11B89639F3A}.Debug|Any CPU.ActiveCfg = Debug|Any CPU
		{ABC4CB6A-9937-4884-B5E5-B11B89639F3A}.Debug|Any CPU.Build.0 = Debug|Any CPU
		{ABC4CB6A-9937-4884-B5E5-B11B89639F3A}.Release|Any CPU.ActiveCfg = Release|Any CPU
		{ABC4CB6A-9937-4884-B5E5-B11B89639F3A}.Release|Any CPU.Build.0 = Release|Any CPU
	EndGlobalSection
	GlobalSection(SolutionProperties) = preSolution
		HideSolutionNode = FALSE
	EndGlobalSection
	GlobalSection(ExtensibilityGlobals) = postSolution
		SolutionGuid = {C676186D-E42D-4258-A907-035178BA741C}
	EndGlobalSection
EndGlobal
